
Microsoft Visual Studio Solution File, Format Version 12.00
# Visual Studio Version 17
VisualStudioVersion = 17.11.35208.52
MinimumVisualStudioVersion = 10.0.40219.1
Project("{9A19103F-16F7-4668-BE54-9A1E7A4F7556}") = "Sistema_Biblioteca.Windows", "Sistema_Biblioteca.Windows\Sistema_Biblioteca.Windows.csproj", "{0F9ECDBE-8255-4339-B063-37FD869F4013}"
EndProject
Project("{2150E333-8FDC-42A3-9474-1A3956D46DE8}") = "git_ignorar", "git_ignorar", "{0732FB56-85AD-4472-8CC5-3F425E49D8D3}"
	ProjectSection(SolutionItems) = preProject
		.gitignore = .gitignore
	EndProjectSection
EndProject
Global
	GlobalSection(SolutionConfigurationPlatforms) = preSolution
		Debug|Any CPU = Debug|Any CPU
		Release|Any CPU = Release|Any CPU
	EndGlobalSection
	GlobalSection(ProjectConfigurationPlatforms) = postSolution
		{0F9ECDBE-8255-4339-B063-37FD869F4013}.Debug|Any CPU.ActiveCfg = Debug|Any CPU
		{0F9ECDBE-8255-4339-B063-37FD869F4013}.Debug|Any CPU.Build.0 = Debug|Any CPU
		{0F9ECDBE-8255-4339-B063-37FD869F4013}.Release|Any CPU.ActiveCfg = Release|Any CPU
		{0F9ECDBE-8255-4339-B063-37FD869F4013}.Release|Any CPU.Build.0 = Release|Any CPU
	EndGlobalSection
	GlobalSection(SolutionProperties) = preSolution
		HideSolutionNode = FALSE
	EndGlobalSection
	GlobalSection(ExtensibilityGlobals) = postSolution
		SolutionGuid = {E5880847-10E6-4C11-84CA-BED92DECDBBC}
	EndGlobalSection
EndGlobal
